<?xml version="1.0" encoding="utf-8"?>
<Project ToolsVersion="4.0" xmlns="http://schemas.microsoft.com/developer/msbuild/2003">
  <ItemGroup>
    <Filter Include="Source Files">
      <UniqueIdentifier>{4FC737F1-C7A5-4376-A066-2A32D752A2FF}</UniqueIdentifier>
      <Extensions>cpp;c;cc;cxx;def;odl;idl;hpj;bat;asm;asmx</Extensions>
    </Filter>
    <Filter Include="Header Files">
      <UniqueIdentifier>{93995380-89BD-4b04-88EB-625FBE52EBFB}</UniqueIdentifier>
      <Extensions>h;hh;hpp;hxx;hm;inl;inc;xsd</Extensions>
    </Filter>
    <Filter Include="Resource Files">
      <UniqueIdentifier>{67DA6AB6-F800-4c08-8B7A-83BB121AAD01}</UniqueIdentifier>
      <Extensions>rc;ico;cur;bmp;dlg;rc2;rct;bin;rgs;gif;jpg;jpeg;jpe;resx;tiff;tif;png;wav;mfcribbon-ms</Extensions>
    </Filter>
  </ItemGroup>
  <ItemGroup>
    <ClInclude Include="BoardPresenter.h">
      <Filter>Header Files</Filter>
    </ClInclude>
    <ClInclude Include="ConsoleBoardPresenter.h">
      <Filter>Header Files</Filter>
    </ClInclude>
    <ClInclude Include="GameObserver.h">
      <Filter>Header Files</Filter>
    </ClInclude>
    <ClInclude Include="HumanPlayer.h">
      <Filter>Header Files</Filter>
    </ClInclude>
    <ClInclude Include="GameSubject.h">
      <Filter>Header Files</Filter>
    </ClInclude>
    <ClInclude Include="MoveInputParser.h">
      <Filter>Header Files</Filter>
    </ClInclude>
    <ClInclude Include="MoveValidator.h">
      <Filter>Header Files</Filter>
    </ClInclude>
    <ClInclude Include="OtherActionSelector.h">
      <Filter>Header Files</Filter>
    </ClInclude>
    <ClInclude Include="Player.h">
      <Filter>Header Files</Filter>
    </ClInclude>
    <ClInclude Include="RandomPlayer.h">
      <Filter>Header Files</Filter>
    </ClInclude>
    <ClInclude Include="StandardGameManager.h">
      <Filter>Header Files</Filter>
    </ClInclude>
    <ClInclude Include="..\Platform\DrawOffer.h">
      <Filter>Header Files</Filter>
    </ClInclude>
    <ClInclude Include="..\Platform\Claim50MoveDraw.h">
      <Filter>Header Files</Filter>
    </ClInclude>
    <ClInclude Include="..\Platform\Resignation.h">
      <Filter>Header Files</Filter>
    </ClInclude>
  </ItemGroup>
  <ItemGroup>
    <ClCompile Include="ConsoleBoardPresenter.cpp">
      <Filter>Source Files</Filter>
    </ClCompile>
    <ClCompile Include="HumanPlayer.cpp">
      <Filter>Source Files</Filter>
    </ClCompile>
    <ClCompile Include="Main.cpp">
      <Filter>Source Files</Filter>
    </ClCompile>
    <ClCompile Include="MoveInputParser.cpp">
      <Filter>Source Files</Filter>
    </ClCompile>
    <ClCompile Include="MoveValidator.cpp">
      <Filter>Source Files</Filter>
    </ClCompile>
    <ClCompile Include="OtherActionSelector.cpp">
      <Filter>Source Files</Filter>
    </ClCompile>
    <ClCompile Include="Player.cpp">
      <Filter>Source Files</Filter>
    </ClCompile>
    <ClCompile Include="RandomPlayer.cpp">
      <Filter>Source Files</Filter>
    </ClCompile>
    <ClCompile Include="StandardGameManager.cpp">
      <Filter>Source Files</Filter>
    </ClCompile>
    <ClCompile Include="Resignation.cpp">
      <Filter>Source Files</Filter>
    </ClCompile>
    <ClCompile Include="DrawOffer.cpp">
      <Filter>Source Files</Filter>
    </ClCompile>
    <ClCompile Include="ConsoleUI.cpp">
      <Filter>Source Files</Filter>
    </ClCompile>
    <ClCompile Include="Claim50MoveDraw.cpp">
      <Filter>Source Files</Filter>
    </ClCompile>
  </ItemGroup>
</Project>